// !$*UTF8*$!
{
	archiveVersion = 1;
	classes = {
	};
	objectVersion = 48;
	objects = {

/* Begin PBXBuildFile section */
		D485647A1EE731AB00FEADD3 /* AppDelegate.swift in Sources */ = {isa = PBXBuildFile; fileRef = D48564791EE731AB00FEADD3 /* AppDelegate.swift */; };
		D485647C1EE731AB00FEADD3 /* DragViewController.swift in Sources */ = {isa = PBXBuildFile; fileRef = D485647B1EE731AB00FEADD3 /* DragViewController.swift */; };
		D485647F1EE731AB00FEADD3 /* Main.storyboard in Resources */ = {isa = PBXBuildFile; fileRef = D485647D1EE731AB00FEADD3 /* Main.storyboard */; };
		D48564811EE731AB00FEADD3 /* Assets.xcassets in Resources */ = {isa = PBXBuildFile; fileRef = D48564801EE731AB00FEADD3 /* Assets.xcassets */; };
		D48564841EE731AB00FEADD3 /* LaunchScreen.storyboard in Resources */ = {isa = PBXBuildFile; fileRef = D48564821EE731AB00FEADD3 /* LaunchScreen.storyboard */; };
		D485648C1EE73E0C00FEADD3 /* CollectionViewCell.swift in Sources */ = {isa = PBXBuildFile; fileRef = D485648B1EE73E0C00FEADD3 /* CollectionViewCell.swift */; };
		D4D23B9A1EEA08EA0081DF25 /* DropViewController.swift in Sources */ = {isa = PBXBuildFile; fileRef = D4D23B991EEA08EA0081DF25 /* DropViewController.swift */; };
		D4D23B9C1EEAC8440081DF25 /* UIColor+Random.swift in Sources */ = {isa = PBXBuildFile; fileRef = D4D23B9B1EEAC8440081DF25 /* UIColor+Random.swift */; };
/* End PBXBuildFile section */

/* Begin PBXFileReference section */
		D48564761EE731AB00FEADD3 /* DragDropDemo.app */ = {isa = PBXFileReference; explicitFileType = wrapper.application; includeInIndex = 0; path = DragDropDemo.app; sourceTree = BUILT_PRODUCTS_DIR; };
		D48564791EE731AB00FEADD3 /* AppDelegate.swift */ = {isa = PBXFileReference; lastKnownFileType = sourcecode.swift; path = AppDelegate.swift; sourceTree = "<group>"; };
		D485647B1EE731AB00FEADD3 /* DragViewController.swift */ = {isa = PBXFileReference; lastKnownFileType = sourcecode.swift; path = DragViewController.swift; sourceTree = "<group>"; };
		D485647E1EE731AB00FEADD3 /* Base */ = {isa = PBXFileReference; lastKnownFileType = file.storyboard; name = Base; path = Base.lproj/Main.storyboard; sourceTree = "<group>"; };
		D48564801EE731AB00FEADD3 /* Assets.xcassets */ = {isa = PBXFileReference; lastKnownFileType = folder.assetcatalog; path = Assets.xcassets; sourceTree = "<group>"; };
		D48564831EE731AB00FEADD3 /* Base */ = {isa = PBXFileReference; lastKnownFileType = file.storyboard; name = Base; path = Base.lproj/LaunchScreen.storyboard; sourceTree = "<group>"; };
		D48564851EE731AB00FEADD3 /* Info.plist */ = {isa = PBXFileReference; lastKnownFileType = text.plist.xml; path = Info.plist; sourceTree = "<group>"; };
		D485648B1EE73E0C00FEADD3 /* CollectionViewCell.swift */ = {isa = PBXFileReference; lastKnownFileType = sourcecode.swift; path = CollectionViewCell.swift; sourceTree = "<group>"; };
		D4D23B991EEA08EA0081DF25 /* DropViewController.swift */ = {isa = PBXFileReference; lastKnownFileType = sourcecode.swift; path = DropViewController.swift; sourceTree = "<group>"; };
		D4D23B9B1EEAC8440081DF25 /* UIColor+Random.swift */ = {isa = PBXFileReference; lastKnownFileType = sourcecode.swift; path = "UIColor+Random.swift"; sourceTree = "<group>"; };
/* End PBXFileReference section */

/* Begin PBXFrameworksBuildPhase section */
		D48564731EE731AB00FEADD3 /* Frameworks */ = {
			isa = PBXFrameworksBuildPhase;
			buildActionMask = 2147483647;
			files = (
			);
			runOnlyForDeploymentPostprocessing = 0;
		};
/* End PBXFrameworksBuildPhase section */

/* Begin PBXGroup section */
		D485646D1EE731AB00FEADD3 = {
			isa = PBXGroup;
			children = (
				D48564781EE731AB00FEADD3 /* DragDropDemo */,
				D48564771EE731AB00FEADD3 /* Products */,
			);
			sourceTree = "<group>";
		};
		D48564771EE731AB00FEADD3 /* Products */ = {
			isa = PBXGroup;
			children = (
				D48564761EE731AB00FEADD3 /* DragDropDemo.app */,
			);
			name = Products;
			sourceTree = "<group>";
		};
		D48564781EE731AB00FEADD3 /* DragDropDemo */ = {
			isa = PBXGroup;
			children = (
				D48564791EE731AB00FEADD3 /* AppDelegate.swift */,
				D485647B1EE731AB00FEADD3 /* DragViewController.swift */,
				D4D23B991EEA08EA0081DF25 /* DropViewController.swift */,
				D485648B1EE73E0C00FEADD3 /* CollectionViewCell.swift */,
				D485647D1EE731AB00FEADD3 /* Main.storyboard */,
				D48564801EE731AB00FEADD3 /* Assets.xcassets */,
				D48564821EE731AB00FEADD3 /* LaunchScreen.storyboard */,
				D48564851EE731AB00FEADD3 /* Info.plist */,
				D4D23B9B1EEAC8440081DF25 /* UIColor+Random.swift */,
			);
			path = DragDropDemo;
			sourceTree = "<group>";
		};
/* End PBXGroup section */

/* Begin PBXNativeTarget section */
		D48564751EE731AB00FEADD3 /* DragDropDemo */ = {
			isa = PBXNativeTarget;
			buildConfigurationList = D48564881EE731AB00FEADD3 /* Build configuration list for PBXNativeTarget "DragDropDemo" */;
			buildPhases = (
				D48564721EE731AB00FEADD3 /* Sources */,
				D48564731EE731AB00FEADD3 /* Frameworks */,
				D48564741EE731AB00FEADD3 /* Resources */,
			);
			buildRules = (
			);
			dependencies = (
			);
			name = DragDropDemo;
			productName = DragDropDemo;
			productReference = D48564761EE731AB00FEADD3 /* DragDropDemo.app */;
			productType = "com.apple.product-type.application";
		};
/* End PBXNativeTarget section */

/* Begin PBXProject section */
		D485646E1EE731AB00FEADD3 /* Project object */ = {
			isa = PBXProject;
			attributes = {
				LastSwiftUpdateCheck = 0900;
				LastUpgradeCheck = 0900;
				ORGANIZATIONNAME = Handsome;
				TargetAttributes = {
					D48564751EE731AB00FEADD3 = {
						CreatedOnToolsVersion = 9.0;
					};
				};
			};
			buildConfigurationList = D48564711EE731AB00FEADD3 /* Build configuration list for PBXProject "DragDropDemo" */;
			compatibilityVersion = "Xcode 8.0";
			developmentRegion = en;
			hasScannedForEncodings = 0;
			knownRegions = (
				en,
				Base,
			);
			mainGroup = D485646D1EE731AB00FEADD3;
			productRefGroup = D48564771EE731AB00FEADD3 /* Products */;
			projectDirPath = "";
			projectRoot = "";
			targets = (
				D48564751EE731AB00FEADD3 /* DragDropDemo */,
			);
		};
/* End PBXProject section */

/* Begin PBXResourcesBuildPhase section */
		D48564741EE731AB00FEADD3 /* Resources */ = {
			isa = PBXResourcesBuildPhase;
			buildActionMask = 2147483647;
			files = (
				D48564841EE731AB00FEADD3 /* LaunchScreen.storyboard in Resources */,
				D48564811EE731AB00FEADD3 /* Assets.xcassets in Resources */,
				D485647F1EE731AB00FEADD3 /* Main.storyboard in Resources */,
			);
			runOnlyForDeploymentPostprocessing = 0;
		};
/* End PBXResourcesBuildPhase section */

/* Begin PBXSourcesBuildPhase section */
		D48564721EE731AB00FEADD3 /* Sources */ = {
			isa = PBXSourcesBuildPhase;
			buildActionMask = 2147483647;
			files = (
				D4D23B9C1EEAC8440081DF25 /* UIColor+Random.swift in Sources */,
				D4D23B9A1EEA08EA0081DF25 /* DropViewController.swift in Sources */,
				D485647C1EE731AB00FEADD3 /* DragViewController.swift in Sources */,
				D485647A1EE731AB00FEADD3 /* AppDelegate.swift in Sources */,
				D485648C1EE73E0C00FEADD3 /* CollectionViewCell.swift in Sources */,
			);
			runOnlyForDeploymentPostprocessing = 0;
		};
/* End PBXSourcesBuildPhase section */

/* Begin PBXVariantGroup section */
		D485647D1EE731AB00FEADD3 /* Main.storyboard */ = {
			isa = PBXVariantGroup;
			children = (
				D485647E1EE731AB00FEADD3 /* Base */,
			);
			name = Main.storyboard;
			sourceTree = "<group>";
		};
		D48564821EE731AB00FEADD3 /* LaunchScreen.storyboard */ = {
			isa = PBXVariantGroup;
			children = (
				D48564831EE731AB00FEADD3 /* Base */,
			);
			name = LaunchScreen.storyboard;
			sourceTree = "<group>";
		};
/* End PBXVariantGroup section */

/* Begin XCBuildConfiguration section */
		D48564861EE731AB00FEADD3 /* Debug */ = {
			isa = XCBuildConfiguration;
			buildSettings = {
				ALWAYS_SEARCH_USER_PATHS = NO;
				CLANG_ANALYZER_NONNULL = YES;
				CLANG_ANALYZER_NUMBER_OBJECT_CONVERSION = YES_AGGRESSIVE;
				CLANG_CXX_LANGUAGE_STANDARD = "gnu++14";
				CLANG_CXX_LIBRARY = "libc++";
				CLANG_ENABLE_MODULES = YES;
				CLANG_ENABLE_OBJC_ARC = YES;
				CLANG_WARN_BLOCK_CAPTURE_AUTORELEASING = YES;
				CLANG_WARN_BOOL_CONVERSION = YES;
				CLANG_WARN_COMMA = YES;
				CLANG_WARN_CONSTANT_CONVERSION = YES;
				CLANG_WARN_DIRECT_OBJC_ISA_USAGE = YES_ERROR;
				CLANG_WARN_DOCUMENTATION_COMMENTS = YES;
				CLANG_WARN_EMPTY_BODY = YES;
				CLANG_WARN_ENUM_CONVERSION = YES;
				CLANG_WARN_INFINITE_RECURSION = YES;
				CLANG_WARN_INT_CONVERSION = YES;
				CLANG_WARN_OBJC_ROOT_CLASS = YES_ERROR;
				CLANG_WARN_RANGE_LOOP_ANALYSIS = YES;
				CLANG_WARN_STRICT_PROTOTYPES = YES;
				CLANG_WARN_SUSPICIOUS_MOVE = YES;
				CLANG_WARN_UNGUARDED_AVAILABILITY = YES_AGGRESSIVE;
				CLANG_WARN_UNREACHABLE_CODE = YES;
				CLANG_WARN__DUPLICATE_METHOD_MATCH = YES;
				CODE_SIGN_IDENTITY = "iPhone Developer";
				COPY_PHASE_STRIP = NO;
				DEBUG_INFORMATION_FORMAT = dwarf;
				ENABLE_STRICT_OBJC_MSGSEND = YES;
				ENABLE_TESTABILITY = YES;
				GCC_C_LANGUAGE_STANDARD = gnu11;
				GCC_DYNAMIC_NO_PIC = NO;
				GCC_NO_COMMON_BLOCKS = YES;
				GCC_OPTIMIZATION_LEVEL = 0;
				GCC_PREPROCESSOR_DEFINITIONS = (
					"DEBUG=1",
					"$(inherited)",
				);
				GCC_WARN_64_TO_32_BIT_CONVERSION = YES;
				GCC_WARN_ABOUT_RETURN_TYPE = YES_ERROR;
				GCC_WARN_UNDECLARED_SELECTOR = YES;
				GCC_WARN_UNINITIALIZED_AUTOS = YES_AGGRESSIVE;
				GCC_WARN_UNUSED_FUNCTION = YES;
				GCC_WARN_UNUSED_VARIABLE = YES;
				IPHONEOS_DEPLOYMENT_TARGET = 11.0;
				MTL_ENABLE_DEBUG_INFO = YES;
				ONLY_ACTIVE_ARCH = YES;
				SDKROOT = iphoneos;
				SWIFT_ACTIVE_COMPILATION_CONDITIONS = DEBUG;
				SWIFT_OPTIMIZATION_LEVEL = "-Onone";
			};
			name = Debug;
		};
		D48564871EE731AB00FEADD3 /* Release */ = {
			isa = XCBuildConfiguration;
			buildSettings = {
				ALWAYS_SEARCH_USER_PATHS = NO;
				CLANG_ANALYZER_NONNULL = YES;
				CLANG_ANALYZER_NUMBER_OBJECT_CONVERSION = YES_AGGRESSIVE;
				CLANG_CXX_LANGUAGE_STANDARD = "gnu++14";
				CLANG_CXX_LIBRARY = "libc++";
				CLANG_ENABLE_MODULES = YES;
				CLANG_ENABLE_OBJC_ARC = YES;
				CLANG_WARN_BLOCK_CAPTURE_AUTORELEASING = YES;
				CLANG_WARN_BOOL_CONVERSION = YES;
				CLANG_WARN_COMMA = YES;
				CLANG_WARN_CONSTANT_CONVERSION = YES;
				CLANG_WARN_DIRECT_OBJC_ISA_USAGE = YES_ERROR;
				CLANG_WARN_DOCUMENTATION_COMMENTS = YES;
				CLANG_WARN_EMPTY_BODY = YES;
				CLANG_WARN_ENUM_CONVERSION = YES;
				CLANG_WARN_INFINITE_RECURSION = YES;
				CLANG_WARN_INT_CONVERSION = YES;
				CLANG_WARN_OBJC_ROOT_CLASS = YES_ERROR;
				CLANG_WARN_RANGE_LOOP_ANALYSIS = YES;
				CLANG_WARN_STRICT_PROTOTYPES = YES;
				CLANG_WARN_SUSPICIOUS_MOVE = YES;
				CLANG_WARN_UNGUARDED_AVAILABILITY = YES_AGGRESSIVE;
				CLANG_WARN_UNREACHABLE_CODE = YES;
				CLANG_WARN__DUPLICATE_METHOD_MATCH = YES;
				CODE_SIGN_IDENTITY = "iPhone Developer";
				COPY_PHASE_STRIP = NO;
				DEBUG_INFORMATION_FORMAT = "dwarf-with-dsym";
				ENABLE_NS_ASSERTIONS = NO;
				ENABLE_STRICT_OBJC_MSGSEND = YES;
				GCC_C_LANGUAGE_STANDARD = gnu11;
				GCC_NO_COMMON_BLOCKS = YES;
				GCC_WARN_64_TO_32_BIT_CONVERSION = YES;
				GCC_WARN_ABOUT_RETURN_TYPE = YES_ERROR;
				GCC_WARN_UNDECLARED_SELECTOR = YES;
				GCC_WARN_UNINITIALIZED_AUTOS = YES_AGGRESSIVE;
				GCC_WARN_UNUSED_FUNCTION = YES;
				GCC_WARN_UNUSED_VARIABLE = YES;
				IPHONEOS_DEPLOYMENT_TARGET = 11.0;
				MTL_ENABLE_DEBUG_INFO = NO;
				SDKROOT = iphoneos;
				SWIFT_OPTIMIZATION_LEVEL = "-Owholemodule";
				VALIDATE_PRODUCT = YES;
			};
			name = Release;
		};
		D48564891EE731AB00FEADD3 /* Debug */ = {
			isa = XCBuildConfiguration;
			buildSettings = {
				ASSETCATALOG_COMPILER_APPICON_NAME = AppIcon;
				DEVELOPMENT_TEAM = DKL832G2AS;
				INFOPLIST_FILE = DragDropDemo/Info.plist;
				LD_RUNPATH_SEARCH_PATHS = "$(inherited) @executable_path/Frameworks";
				PRODUCT_BUNDLE_IDENTIFIER = is.handsome.DragDropDemo;
				PRODUCT_NAME = "$(TARGET_NAME)";
				SWIFT_VERSION = 4.0;
				TARGETED_DEVICE_FAMILY = "1,2";
			};
			name = Debug;
		};
		D485648A1EE731AB00FEADD3 /* Release */ = {
			isa = XCBuildConfiguration;
			buildSettings = {
				ASSETCATALOG_COMPILER_APPICON_NAME = AppIcon;
				DEVELOPMENT_TEAM = DKL832G2AS;
				INFOPLIST_FILE = DragDropDemo/Info.plist;
				LD_RUNPATH_SEARCH_PATHS = "$(inherited) @executable_path/Frameworks";
				PRODUCT_BUNDLE_IDENTIFIER = is.handsome.DragDropDemo;
				PRODUCT_NAME = "$(TARGET_NAME)";
				SWIFT_VERSION = 4.0;
				TARGETED_DEVICE_FAMILY = "1,2";
			};
			name = Release;
		};
/* End XCBuildConfiguration section */

/* Begin XCConfigurationList section */
		D48564711EE731AB00FEADD3 /* Build configuration list for PBXProject "DragDropDemo" */ = {
			isa = XCConfigurationList;
			buildConfigurations = (
				D48564861EE731AB00FEADD3 /* Debug */,
				D48564871EE731AB00FEADD3 /* Release */,
			);
			defaultConfigurationIsVisible = 0;
			defaultConfigurationName = Release;
		};
		D48564881EE731AB00FEADD3 /* Build configuration list for PBXNativeTarget "DragDropDemo" */ = {
			isa = XCConfigurationList;
			buildConfigurations = (
				D48564891EE731AB00FEADD3 /* Debug */,
				D485648A1EE731AB00FEADD3 /* Release */,
			);
			defaultConfigurationIsVisible = 0;
			defaultConfigurationName = Release;
		};
/* End XCConfigurationList section */
	};
	rootObject = D485646E1EE731AB00FEADD3 /* Project object */;
}
