// !$*UTF8*$!
{
	archiveVersion = 1;
	classes = {
	};
	objectVersion = 48;
	objects = {

/* Begin PBXBuildFile section */
		FA7AFE801EE91D8D00E31DA3 /* Resnet50.mlmodel in Sources */ = {isa = PBXBuildFile; fileRef = FA7AFE7F1EE91D7300E31DA3 /* Resnet50.mlmodel */; };
		FAF3F7061EE8AA15008DB06A /* AppDelegate.swift in Sources */ = {isa = PBXBuildFile; fileRef = FAF3F7051EE8AA15008DB06A /* AppDelegate.swift */; };
		FAF3F7081EE8AA15008DB06A /* ViewController.swift in Sources */ = {isa = PBXBuildFile; fileRef = FAF3F7071EE8AA15008DB06A /* ViewController.swift */; };
		FAF3F70B1EE8AA15008DB06A /* Main.storyboard in Resources */ = {isa = PBXBuildFile; fileRef = FAF3F7091EE8AA15008DB06A /* Main.storyboard */; };
		FAF3F70D1EE8AA15008DB06A /* Assets.xcassets in Resources */ = {isa = PBXBuildFile; fileRef = FAF3F70C1EE8AA15008DB06A /* Assets.xcassets */; };
		FAF3F7101EE8AA15008DB06A /* LaunchScreen.storyboard in Resources */ = {isa = PBXBuildFile; fileRef = FAF3F70E1EE8AA15008DB06A /* LaunchScreen.storyboard */; };
		FAF3F71A1EE8AD72008DB06A /* UIImage+PixelBuffer.swift in Sources */ = {isa = PBXBuildFile; fileRef = FAF3F7191EE8AD72008DB06A /* UIImage+PixelBuffer.swift */; };
/* End PBXBuildFile section */

/* Begin PBXFileReference section */
		FA7AFE7F1EE91D7300E31DA3 /* Resnet50.mlmodel */ = {isa = PBXFileReference; lastKnownFileType = file.mlmodel; path = Resnet50.mlmodel; sourceTree = "<group>"; };
		FAF3F7021EE8AA15008DB06A /* CoreMLDemo.app */ = {isa = PBXFileReference; explicitFileType = wrapper.application; includeInIndex = 0; path = CoreMLDemo.app; sourceTree = BUILT_PRODUCTS_DIR; };
		FAF3F7051EE8AA15008DB06A /* AppDelegate.swift */ = {isa = PBXFileReference; lastKnownFileType = sourcecode.swift; path = AppDelegate.swift; sourceTree = "<group>"; };
		FAF3F7071EE8AA15008DB06A /* ViewController.swift */ = {isa = PBXFileReference; lastKnownFileType = sourcecode.swift; path = ViewController.swift; sourceTree = "<group>"; };
		FAF3F70A1EE8AA15008DB06A /* Base */ = {isa = PBXFileReference; lastKnownFileType = file.storyboard; name = Base; path = Base.lproj/Main.storyboard; sourceTree = "<group>"; };
		FAF3F70C1EE8AA15008DB06A /* Assets.xcassets */ = {isa = PBXFileReference; lastKnownFileType = folder.assetcatalog; path = Assets.xcassets; sourceTree = "<group>"; };
		FAF3F70F1EE8AA15008DB06A /* Base */ = {isa = PBXFileReference; lastKnownFileType = file.storyboard; name = Base; path = Base.lproj/LaunchScreen.storyboard; sourceTree = "<group>"; };
		FAF3F7111EE8AA15008DB06A /* Info.plist */ = {isa = PBXFileReference; lastKnownFileType = text.plist.xml; path = Info.plist; sourceTree = "<group>"; };
		FAF3F7191EE8AD72008DB06A /* UIImage+PixelBuffer.swift */ = {isa = PBXFileReference; lastKnownFileType = sourcecode.swift; path = "UIImage+PixelBuffer.swift"; sourceTree = "<group>"; };
/* End PBXFileReference section */

/* Begin PBXFrameworksBuildPhase section */
		FAF3F6FF1EE8AA15008DB06A /* Frameworks */ = {
			isa = PBXFrameworksBuildPhase;
			buildActionMask = 2147483647;
			files = (
			);
			runOnlyForDeploymentPostprocessing = 0;
		};
/* End PBXFrameworksBuildPhase section */

/* Begin PBXGroup section */
		FAF3F6F91EE8AA15008DB06A = {
			isa = PBXGroup;
			children = (
				FAF3F7041EE8AA15008DB06A /* CoreMLDemo */,
				FAF3F7031EE8AA15008DB06A /* Products */,
			);
			sourceTree = "<group>";
		};
		FAF3F7031EE8AA15008DB06A /* Products */ = {
			isa = PBXGroup;
			children = (
				FAF3F7021EE8AA15008DB06A /* CoreMLDemo.app */,
			);
			name = Products;
			sourceTree = "<group>";
		};
		FAF3F7041EE8AA15008DB06A /* CoreMLDemo */ = {
			isa = PBXGroup;
			children = (
				FAF3F7051EE8AA15008DB06A /* AppDelegate.swift */,
				FAF3F7071EE8AA15008DB06A /* ViewController.swift */,
				FAF3F7191EE8AD72008DB06A /* UIImage+PixelBuffer.swift */,
				FA7AFE7F1EE91D7300E31DA3 /* Resnet50.mlmodel */,
				FAF3F7091EE8AA15008DB06A /* Main.storyboard */,
				FAF3F70C1EE8AA15008DB06A /* Assets.xcassets */,
				FAF3F70E1EE8AA15008DB06A /* LaunchScreen.storyboard */,
				FAF3F7111EE8AA15008DB06A /* Info.plist */,
			);
			path = CoreMLDemo;
			sourceTree = "<group>";
		};
/* End PBXGroup section */

/* Begin PBXNativeTarget section */
		FAF3F7011EE8AA15008DB06A /* CoreMLDemo */ = {
			isa = PBXNativeTarget;
			buildConfigurationList = FAF3F7141EE8AA15008DB06A /* Build configuration list for PBXNativeTarget "CoreMLDemo" */;
			buildPhases = (
				FAF3F6FE1EE8AA15008DB06A /* Sources */,
				FAF3F6FF1EE8AA15008DB06A /* Frameworks */,
				FAF3F7001EE8AA15008DB06A /* Resources */,
			);
			buildRules = (
			);
			dependencies = (
			);
			name = CoreMLDemo;
			productName = CoreMLDemo;
			productReference = FAF3F7021EE8AA15008DB06A /* CoreMLDemo.app */;
			productType = "com.apple.product-type.application";
		};
/* End PBXNativeTarget section */

/* Begin PBXProject section */
		FAF3F6FA1EE8AA15008DB06A /* Project object */ = {
			isa = PBXProject;
			attributes = {
				LastSwiftUpdateCheck = 0900;
				LastUpgradeCheck = 0900;
				ORGANIZATIONNAME = "Handsome LLC";
				TargetAttributes = {
					FAF3F7011EE8AA15008DB06A = {
						CreatedOnToolsVersion = 9.0;
					};
				};
			};
			buildConfigurationList = FAF3F6FD1EE8AA15008DB06A /* Build configuration list for PBXProject "CoreMLDemo" */;
			compatibilityVersion = "Xcode 8.0";
			developmentRegion = en;
			hasScannedForEncodings = 0;
			knownRegions = (
				en,
				Base,
			);
			mainGroup = FAF3F6F91EE8AA15008DB06A;
			productRefGroup = FAF3F7031EE8AA15008DB06A /* Products */;
			projectDirPath = "";
			projectRoot = "";
			targets = (
				FAF3F7011EE8AA15008DB06A /* CoreMLDemo */,
			);
		};
/* End PBXProject section */

/* Begin PBXResourcesBuildPhase section */
		FAF3F7001EE8AA15008DB06A /* Resources */ = {
			isa = PBXResourcesBuildPhase;
			buildActionMask = 2147483647;
			files = (
				FAF3F7101EE8AA15008DB06A /* LaunchScreen.storyboard in Resources */,
				FAF3F70D1EE8AA15008DB06A /* Assets.xcassets in Resources */,
				FAF3F70B1EE8AA15008DB06A /* Main.storyboard in Resources */,
			);
			runOnlyForDeploymentPostprocessing = 0;
		};
/* End PBXResourcesBuildPhase section */

/* Begin PBXSourcesBuildPhase section */
		FAF3F6FE1EE8AA15008DB06A /* Sources */ = {
			isa = PBXSourcesBuildPhase;
			buildActionMask = 2147483647;
			files = (
				FAF3F71A1EE8AD72008DB06A /* UIImage+PixelBuffer.swift in Sources */,
				FAF3F7081EE8AA15008DB06A /* ViewController.swift in Sources */,
				FA7AFE801EE91D8D00E31DA3 /* Resnet50.mlmodel in Sources */,
				FAF3F7061EE8AA15008DB06A /* AppDelegate.swift in Sources */,
			);
			runOnlyForDeploymentPostprocessing = 0;
		};
/* End PBXSourcesBuildPhase section */

/* Begin PBXVariantGroup section */
		FAF3F7091EE8AA15008DB06A /* Main.storyboard */ = {
			isa = PBXVariantGroup;
			children = (
				FAF3F70A1EE8AA15008DB06A /* Base */,
			);
			name = Main.storyboard;
			sourceTree = "<group>";
		};
		FAF3F70E1EE8AA15008DB06A /* LaunchScreen.storyboard */ = {
			isa = PBXVariantGroup;
			children = (
				FAF3F70F1EE8AA15008DB06A /* Base */,
			);
			name = LaunchScreen.storyboard;
			sourceTree = "<group>";
		};
/* End PBXVariantGroup section */

/* Begin XCBuildConfiguration section */
		FAF3F7121EE8AA15008DB06A /* Debug */ = {
			isa = XCBuildConfiguration;
			buildSettings = {
				ALWAYS_SEARCH_USER_PATHS = NO;
				CLANG_ANALYZER_NONNULL = YES;
				CLANG_ANALYZER_NUMBER_OBJECT_CONVERSION = YES_AGGRESSIVE;
				CLANG_CXX_LANGUAGE_STANDARD = "gnu++14";
				CLANG_CXX_LIBRARY = "libc++";
				CLANG_ENABLE_MODULES = YES;
				CLANG_ENABLE_OBJC_ARC = YES;
				CLANG_WARN_BLOCK_CAPTURE_AUTORELEASING = YES;
				CLANG_WARN_BOOL_CONVERSION = YES;
				CLANG_WARN_COMMA = YES;
				CLANG_WARN_CONSTANT_CONVERSION = YES;
				CLANG_WARN_DIRECT_OBJC_ISA_USAGE = YES_ERROR;
				CLANG_WARN_DOCUMENTATION_COMMENTS = YES;
				CLANG_WARN_EMPTY_BODY = YES;
				CLANG_WARN_ENUM_CONVERSION = YES;
				CLANG_WARN_INFINITE_RECURSION = YES;
				CLANG_WARN_INT_CONVERSION = YES;
				CLANG_WARN_OBJC_ROOT_CLASS = YES_ERROR;
				CLANG_WARN_RANGE_LOOP_ANALYSIS = YES;
				CLANG_WARN_STRICT_PROTOTYPES = YES;
				CLANG_WARN_SUSPICIOUS_MOVE = YES;
				CLANG_WARN_UNGUARDED_AVAILABILITY = YES_AGGRESSIVE;
				CLANG_WARN_UNREACHABLE_CODE = YES;
				CLANG_WARN__DUPLICATE_METHOD_MATCH = YES;
				CODE_SIGN_IDENTITY = "iPhone Developer";
				COPY_PHASE_STRIP = NO;
				DEBUG_INFORMATION_FORMAT = dwarf;
				ENABLE_STRICT_OBJC_MSGSEND = YES;
				ENABLE_TESTABILITY = YES;
				GCC_C_LANGUAGE_STANDARD = gnu11;
				GCC_DYNAMIC_NO_PIC = NO;
				GCC_NO_COMMON_BLOCKS = YES;
				GCC_OPTIMIZATION_LEVEL = 0;
				GCC_PREPROCESSOR_DEFINITIONS = (
					"DEBUG=1",
					"$(inherited)",
				);
				GCC_WARN_64_TO_32_BIT_CONVERSION = YES;
				GCC_WARN_ABOUT_RETURN_TYPE = YES_ERROR;
				GCC_WARN_UNDECLARED_SELECTOR = YES;
				GCC_WARN_UNINITIALIZED_AUTOS = YES_AGGRESSIVE;
				GCC_WARN_UNUSED_FUNCTION = YES;
				GCC_WARN_UNUSED_VARIABLE = YES;
				IPHONEOS_DEPLOYMENT_TARGET = 11.0;
				MTL_ENABLE_DEBUG_INFO = YES;
				ONLY_ACTIVE_ARCH = YES;
				SDKROOT = iphoneos;
				SWIFT_ACTIVE_COMPILATION_CONDITIONS = DEBUG;
				SWIFT_OPTIMIZATION_LEVEL = "-Onone";
			};
			name = Debug;
		};
		FAF3F7131EE8AA15008DB06A /* Release */ = {
			isa = XCBuildConfiguration;
			buildSettings = {
				ALWAYS_SEARCH_USER_PATHS = NO;
				CLANG_ANALYZER_NONNULL = YES;
				CLANG_ANALYZER_NUMBER_OBJECT_CONVERSION = YES_AGGRESSIVE;
				CLANG_CXX_LANGUAGE_STANDARD = "gnu++14";
				CLANG_CXX_LIBRARY = "libc++";
				CLANG_ENABLE_MODULES = YES;
				CLANG_ENABLE_OBJC_ARC = YES;
				CLANG_WARN_BLOCK_CAPTURE_AUTORELEASING = YES;
				CLANG_WARN_BOOL_CONVERSION = YES;
				CLANG_WARN_COMMA = YES;
				CLANG_WARN_CONSTANT_CONVERSION = YES;
				CLANG_WARN_DIRECT_OBJC_ISA_USAGE = YES_ERROR;
				CLANG_WARN_DOCUMENTATION_COMMENTS = YES;
				CLANG_WARN_EMPTY_BODY = YES;
				CLANG_WARN_ENUM_CONVERSION = YES;
				CLANG_WARN_INFINITE_RECURSION = YES;
				CLANG_WARN_INT_CONVERSION = YES;
				CLANG_WARN_OBJC_ROOT_CLASS = YES_ERROR;
				CLANG_WARN_RANGE_LOOP_ANALYSIS = YES;
				CLANG_WARN_STRICT_PROTOTYPES = YES;
				CLANG_WARN_SUSPICIOUS_MOVE = YES;
				CLANG_WARN_UNGUARDED_AVAILABILITY = YES_AGGRESSIVE;
				CLANG_WARN_UNREACHABLE_CODE = YES;
				CLANG_WARN__DUPLICATE_METHOD_MATCH = YES;
				CODE_SIGN_IDENTITY = "iPhone Developer";
				COPY_PHASE_STRIP = NO;
				DEBUG_INFORMATION_FORMAT = "dwarf-with-dsym";
				ENABLE_NS_ASSERTIONS = NO;
				ENABLE_STRICT_OBJC_MSGSEND = YES;
				GCC_C_LANGUAGE_STANDARD = gnu11;
				GCC_NO_COMMON_BLOCKS = YES;
				GCC_WARN_64_TO_32_BIT_CONVERSION = YES;
				GCC_WARN_ABOUT_RETURN_TYPE = YES_ERROR;
				GCC_WARN_UNDECLARED_SELECTOR = YES;
				GCC_WARN_UNINITIALIZED_AUTOS = YES_AGGRESSIVE;
				GCC_WARN_UNUSED_FUNCTION = YES;
				GCC_WARN_UNUSED_VARIABLE = YES;
				IPHONEOS_DEPLOYMENT_TARGET = 11.0;
				MTL_ENABLE_DEBUG_INFO = NO;
				SDKROOT = iphoneos;
				SWIFT_OPTIMIZATION_LEVEL = "-Owholemodule";
				VALIDATE_PRODUCT = YES;
			};
			name = Release;
		};
		FAF3F7151EE8AA15008DB06A /* Debug */ = {
			isa = XCBuildConfiguration;
			buildSettings = {
				ASSETCATALOG_COMPILER_APPICON_NAME = AppIcon;
				INFOPLIST_FILE = CoreMLDemo/Info.plist;
				LD_RUNPATH_SEARCH_PATHS = "$(inherited) @executable_path/Frameworks";
				PRODUCT_BUNDLE_IDENTIFIER = is.handsome.CoreMLDemo;
				PRODUCT_NAME = "$(TARGET_NAME)";
				SWIFT_VERSION = 4.0;
				TARGETED_DEVICE_FAMILY = "1,2";
			};
			name = Debug;
		};
		FAF3F7161EE8AA15008DB06A /* Release */ = {
			isa = XCBuildConfiguration;
			buildSettings = {
				ASSETCATALOG_COMPILER_APPICON_NAME = AppIcon;
				INFOPLIST_FILE = CoreMLDemo/Info.plist;
				LD_RUNPATH_SEARCH_PATHS = "$(inherited) @executable_path/Frameworks";
				PRODUCT_BUNDLE_IDENTIFIER = is.handsome.CoreMLDemo;
				PRODUCT_NAME = "$(TARGET_NAME)";
				SWIFT_VERSION = 4.0;
				TARGETED_DEVICE_FAMILY = "1,2";
			};
			name = Release;
		};
/* End XCBuildConfiguration section */

/* Begin XCConfigurationList section */
		FAF3F6FD1EE8AA15008DB06A /* Build configuration list for PBXProject "CoreMLDemo" */ = {
			isa = XCConfigurationList;
			buildConfigurations = (
				FAF3F7121EE8AA15008DB06A /* Debug */,
				FAF3F7131EE8AA15008DB06A /* Release */,
			);
			defaultConfigurationIsVisible = 0;
			defaultConfigurationName = Release;
		};
		FAF3F7141EE8AA15008DB06A /* Build configuration list for PBXNativeTarget "CoreMLDemo" */ = {
			isa = XCConfigurationList;
			buildConfigurations = (
				FAF3F7151EE8AA15008DB06A /* Debug */,
				FAF3F7161EE8AA15008DB06A /* Release */,
			);
			defaultConfigurationIsVisible = 0;
			defaultConfigurationName = Release;
		};
/* End XCConfigurationList section */
	};
	rootObject = FAF3F6FA1EE8AA15008DB06A /* Project object */;
}
